
Microsoft Visual Studio Solution File, Format Version 12.00
# Visual Studio Version 17
VisualStudioVersion = 17.7.34202.233
MinimumVisualStudioVersion = 10.0.40219.1
Project("{8BC9CEB8-8B4A-11D0-8D11-00A0C91BC942}") = "Game_IC", "Game_IC\Game_IC.vcxproj", "{35FA638A-305B-4401-90BA-A3E95128607C}"
EndProject
Project("{8BC9CEB8-8B4A-11D0-8D11-00A0C91BC942}") = "Egg", "Egg\Egg.vcxproj", "{27659636-3571-4836-A829-6151295A2341}"
EndProject
Project("{8BC9CEB8-8B4A-11D0-8D11-00A0C91BC942}") = "glfw", "glfw_proj\src\glfw.vcxproj", "{0C290B06-6006-332C-A39E-0D3EA2781172}"
EndProject
Project("{8BC9CEB8-8B4A-11D0-8D11-00A0C91BC942}") = "glad", "glad\glad.vcxproj", "{1C77F0D2-7F84-4DC1-8F0D-0A18042B1798}"
EndProject
Project("{8BC9CEB8-8B4A-11D0-8D11-00A0C91BC942}") = "stbi", "stbi\stbi.vcxproj", "{480B1DBA-0CF4-432A-91A7-FFB3654B22A6}"
EndProject
Global
	GlobalSection(SolutionConfigurationPlatforms) = preSolution
		Debug|x64 = Debug|x64
		Debug|x86 = Debug|x86
		MinSizeRel|x64 = MinSizeRel|x64
		MinSizeRel|x86 = MinSizeRel|x86
		Release|x64 = Release|x64
		Release|x86 = Release|x86
		RelWithDebInfo|x64 = RelWithDebInfo|x64
		RelWithDebInfo|x86 = RelWithDebInfo|x86
	EndGlobalSection
	GlobalSection(ProjectConfigurationPlatforms) = postSolution
		{35FA638A-305B-4401-90BA-A3E95128607C}.Debug|x64.ActiveCfg = Debug|x64
		{35FA638A-305B-4401-90BA-A3E95128607C}.Debug|x64.Build.0 = Debug|x64
		{35FA638A-305B-4401-90BA-A3E95128607C}.Debug|x86.ActiveCfg = Debug|Win32
		{35FA638A-305B-4401-90BA-A3E95128607C}.Debug|x86.Build.0 = Debug|Win32
		{35FA638A-305B-4401-90BA-A3E95128607C}.MinSizeRel|x64.ActiveCfg = Release|x64
		{35FA638A-305B-4401-90BA-A3E95128607C}.MinSizeRel|x64.Build.0 = Release|x64
		{35FA638A-305B-4401-90BA-A3E95128607C}.MinSizeRel|x86.ActiveCfg = Release|Win32
		{35FA638A-305B-4401-90BA-A3E95128607C}.MinSizeRel|x86.Build.0 = Release|Win32
		{35FA638A-305B-4401-90BA-A3E95128607C}.Release|x64.ActiveCfg = Release|x64
		{35FA638A-305B-4401-90BA-A3E95128607C}.Release|x64.Build.0 = Release|x64
		{35FA638A-305B-4401-90BA-A3E95128607C}.Release|x86.ActiveCfg = Release|Win32
		{35FA638A-305B-4401-90BA-A3E95128607C}.Release|x86.Build.0 = Release|Win32
		{35FA638A-305B-4401-90BA-A3E95128607C}.RelWithDebInfo|x64.ActiveCfg = Release|x64
		{35FA638A-305B-4401-90BA-A3E95128607C}.RelWithDebInfo|x64.Build.0 = Release|x64
		{35FA638A-305B-4401-90BA-A3E95128607C}.RelWithDebInfo|x86.ActiveCfg = Release|Win32
		{35FA638A-305B-4401-90BA-A3E95128607C}.RelWithDebInfo|x86.Build.0 = Release|Win32
		{27659636-3571-4836-A829-6151295A2341}.Debug|x64.ActiveCfg = Debug|x64
		{27659636-3571-4836-A829-6151295A2341}.Debug|x64.Build.0 = Debug|x64
		{27659636-3571-4836-A829-6151295A2341}.Debug|x86.ActiveCfg = Debug|Win32
		{27659636-3571-4836-A829-6151295A2341}.Debug|x86.Build.0 = Debug|Win32
		{27659636-3571-4836-A829-6151295A2341}.MinSizeRel|x64.ActiveCfg = Release|x64
		{27659636-3571-4836-A829-6151295A2341}.MinSizeRel|x64.Build.0 = Release|x64
		{27659636-3571-4836-A829-6151295A2341}.MinSizeRel|x86.ActiveCfg = Release|Win32
		{27659636-3571-4836-A829-6151295A2341}.MinSizeRel|x86.Build.0 = Release|Win32
		{27659636-3571-4836-A829-6151295A2341}.Release|x64.ActiveCfg = Release|x64
		{27659636-3571-4836-A829-6151295A2341}.Release|x64.Build.0 = Release|x64
		{27659636-3571-4836-A829-6151295A2341}.Release|x86.ActiveCfg = Release|Win32
		{27659636-3571-4836-A829-6151295A2341}.Release|x86.Build.0 = Release|Win32
		{27659636-3571-4836-A829-6151295A2341}.RelWithDebInfo|x64.ActiveCfg = Release|x64
		{27659636-3571-4836-A829-6151295A2341}.RelWithDebInfo|x64.Build.0 = Release|x64
		{27659636-3571-4836-A829-6151295A2341}.RelWithDebInfo|x86.ActiveCfg = Release|Win32
		{27659636-3571-4836-A829-6151295A2341}.RelWithDebInfo|x86.Build.0 = Release|Win32
		{0C290B06-6006-332C-A39E-0D3EA2781172}.Debug|x64.ActiveCfg = Debug|x64
		{0C290B06-6006-332C-A39E-0D3EA2781172}.Debug|x64.Build.0 = Debug|x64
		{0C290B06-6006-332C-A39E-0D3EA2781172}.Debug|x86.ActiveCfg = Debug|x64
		{0C290B06-6006-332C-A39E-0D3EA2781172}.Debug|x86.Build.0 = Debug|x64
		{0C290B06-6006-332C-A39E-0D3EA2781172}.MinSizeRel|x64.ActiveCfg = MinSizeRel|x64
		{0C290B06-6006-332C-A39E-0D3EA2781172}.MinSizeRel|x64.Build.0 = MinSizeRel|x64
		{0C290B06-6006-332C-A39E-0D3EA2781172}.MinSizeRel|x86.ActiveCfg = MinSizeRel|x64
		{0C290B06-6006-332C-A39E-0D3EA2781172}.MinSizeRel|x86.Build.0 = MinSizeRel|x64
		{0C290B06-6006-332C-A39E-0D3EA2781172}.Release|x64.ActiveCfg = Release|x64
		{0C290B06-6006-332C-A39E-0D3EA2781172}.Release|x64.Build.0 = Release|x64
		{0C290B06-6006-332C-A39E-0D3EA2781172}.Release|x86.ActiveCfg = Release|x64
		{0C290B06-6006-332C-A39E-0D3EA2781172}.Release|x86.Build.0 = Release|x64
		{0C290B06-6006-332C-A39E-0D3EA2781172}.RelWithDebInfo|x64.ActiveCfg = RelWithDebInfo|x64
		{0C290B06-6006-332C-A39E-0D3EA2781172}.RelWithDebInfo|x64.Build.0 = RelWithDebInfo|x64
		{0C290B06-6006-332C-A39E-0D3EA2781172}.RelWithDebInfo|x86.ActiveCfg = RelWithDebInfo|x64
		{0C290B06-6006-332C-A39E-0D3EA2781172}.RelWithDebInfo|x86.Build.0 = RelWithDebInfo|x64
		{1C77F0D2-7F84-4DC1-8F0D-0A18042B1798}.Debug|x64.ActiveCfg = Debug|x64
		{1C77F0D2-7F84-4DC1-8F0D-0A18042B1798}.Debug|x64.Build.0 = Debug|x64
		{1C77F0D2-7F84-4DC1-8F0D-0A18042B1798}.Debug|x86.ActiveCfg = Debug|Win32
		{1C77F0D2-7F84-4DC1-8F0D-0A18042B1798}.Debug|x86.Build.0 = Debug|Win32
		{1C77F0D2-7F84-4DC1-8F0D-0A18042B1798}.MinSizeRel|x64.ActiveCfg = Debug|x64
		{1C77F0D2-7F84-4DC1-8F0D-0A18042B1798}.MinSizeRel|x64.Build.0 = Debug|x64
		{1C77F0D2-7F84-4DC1-8F0D-0A18042B1798}.MinSizeRel|x86.ActiveCfg = Debug|Win32
		{1C77F0D2-7F84-4DC1-8F0D-0A18042B1798}.MinSizeRel|x86.Build.0 = Debug|Win32
		{1C77F0D2-7F84-4DC1-8F0D-0A18042B1798}.Release|x64.ActiveCfg = Release|x64
		{1C77F0D2-7F84-4DC1-8F0D-0A18042B1798}.Release|x64.Build.0 = Release|x64
		{1C77F0D2-7F84-4DC1-8F0D-0A18042B1798}.Release|x86.ActiveCfg = Release|Win32
		{1C77F0D2-7F84-4DC1-8F0D-0A18042B1798}.Release|x86.Build.0 = Release|Win32
		{1C77F0D2-7F84-4DC1-8F0D-0A18042B1798}.RelWithDebInfo|x64.ActiveCfg = Release|x64
		{1C77F0D2-7F84-4DC1-8F0D-0A18042B1798}.RelWithDebInfo|x64.Build.0 = Release|x64
		{1C77F0D2-7F84-4DC1-8F0D-0A18042B1798}.RelWithDebInfo|x86.ActiveCfg = Release|Win32
		{1C77F0D2-7F84-4DC1-8F0D-0A18042B1798}.RelWithDebInfo|x86.Build.0 = Release|Win32
		{480B1DBA-0CF4-432A-91A7-FFB3654B22A6}.Debug|x64.ActiveCfg = Debug|x64
		{480B1DBA-0CF4-432A-91A7-FFB3654B22A6}.Debug|x64.Build.0 = Debug|x64
		{480B1DBA-0CF4-432A-91A7-FFB3654B22A6}.Debug|x86.ActiveCfg = Debug|Win32
		{480B1DBA-0CF4-432A-91A7-FFB3654B22A6}.Debug|x86.Build.0 = Debug|Win32
		{480B1DBA-0CF4-432A-91A7-FFB3654B22A6}.MinSizeRel|x64.ActiveCfg = Debug|x64
		{480B1DBA-0CF4-432A-91A7-FFB3654B22A6}.MinSizeRel|x64.Build.0 = Debug|x64
		{480B1DBA-0CF4-432A-91A7-FFB3654B22A6}.MinSizeRel|x86.ActiveCfg = Debug|Win32
		{480B1DBA-0CF4-432A-91A7-FFB3654B22A6}.MinSizeRel|x86.Build.0 = Debug|Win32
		{480B1DBA-0CF4-432A-91A7-FFB3654B22A6}.Release|x64.ActiveCfg = Release|x64
		{480B1DBA-0CF4-432A-91A7-FFB3654B22A6}.Release|x64.Build.0 = Release|x64
		{480B1DBA-0CF4-432A-91A7-FFB3654B22A6}.Release|x86.ActiveCfg = Release|Win32
		{480B1DBA-0CF4-432A-91A7-FFB3654B22A6}.Release|x86.Build.0 = Release|Win32
		{480B1DBA-0CF4-432A-91A7-FFB3654B22A6}.RelWithDebInfo|x64.ActiveCfg = Release|x64
		{480B1DBA-0CF4-432A-91A7-FFB3654B22A6}.RelWithDebInfo|x64.Build.0 = Release|x64
		{480B1DBA-0CF4-432A-91A7-FFB3654B22A6}.RelWithDebInfo|x86.ActiveCfg = Release|Win32
		{480B1DBA-0CF4-432A-91A7-FFB3654B22A6}.RelWithDebInfo|x86.Build.0 = Release|Win32
	EndGlobalSection
	GlobalSection(SolutionProperties) = preSolution
		HideSolutionNode = FALSE
	EndGlobalSection
	GlobalSection(ExtensibilityGlobals) = postSolution
		SolutionGuid = {2AB4643E-147A-459C-9545-6E5E20603E25}
	EndGlobalSection
EndGlobal
